
Microsoft Visual Studio Solution File, Format Version 12.00
# Visual Studio Version 16
VisualStudioVersion = 16.0.31025.194
MinimumVisualStudioVersion = 10.0.40219.1
Project("{FAE04EC0-301F-11D3-BF4B-00C04F79EFBC}") = "SerializarComXml", "SerializarComXml\SerializarComXml.csproj", "{8CFA8A7A-D771-402C-93F8-2436E57BC2BF}"
EndProject
Global
	GlobalSection(SolutionConfigurationPlatforms) = preSolution
		Debug|Any CPU = Debug|Any CPU
		Release|Any CPU = Release|Any CPU
	EndGlobalSection
	GlobalSection(ProjectConfigurationPlatforms) = postSolution
		{8CFA8A7A-D771-402C-93F8-2436E57BC2BF}.Debug|Any CPU.ActiveCfg = Debug|Any CPU
		{8CFA8A7A-D771-402C-93F8-2436E57BC2BF}.Debug|Any CPU.Build.0 = Debug|Any CPU
		{8CFA8A7A-D771-402C-93F8-2436E57BC2BF}.Release|Any CPU.ActiveCfg = Release|Any CPU
		{8CFA8A7A-D771-402C-93F8-2436E57BC2BF}.Release|Any CPU.Build.0 = Release|Any CPU
	EndGlobalSection
	GlobalSection(SolutionProperties) = preSolution
		HideSolutionNode = FALSE
	EndGlobalSection
	GlobalSection(ExtensibilityGlobals) = postSolution
		SolutionGuid = {7F4AB0F4-E526-4C0B-B552-5BF2662C5EA1}
	EndGlobalSection
EndGlobal
